
Microsoft Visual Studio Solution File, Format Version 12.00
# Visual Studio Version 17
VisualStudioVersion = 17.14.37012.4
MinimumVisualStudioVersion = 10.0.40219.1
Project("{FAE04EC0-301F-11D3-BF4B-00C04F79EFBC}") = "DSA-P1-KH", "DSA-P1-KH.csproj", "{378D9A0F-B584-4B5A-ACCE-D4808C6EF0CA}"
EndProject
Global
	GlobalSection(SolutionConfigurationPlatforms) = preSolution
		Debug|Any CPU = Debug|Any CPU
		Release|Any CPU = Release|Any CPU
	EndGlobalSection
	GlobalSection(ProjectConfigurationPlatforms) = postSolution
		{378D9A0F-B584-4B5A-ACCE-D4808C6EF0CA}.Debug|Any CPU.ActiveCfg = Debug|Any CPU
		{378D9A0F-B584-4B5A-ACCE-D4808C6EF0CA}.Debug|Any CPU.Build.0 = Debug|Any CPU
		{378D9A0F-B584-4B5A-ACCE-D4808C6EF0CA}.Release|Any CPU.ActiveCfg = Release|Any CPU
		{378D9A0F-B584-4B5A-ACCE-D4808C6EF0CA}.Release|Any CPU.Build.0 = Release|Any CPU
	EndGlobalSection
	GlobalSection(SolutionProperties) = preSolution
		HideSolutionNode = FALSE
	EndGlobalSection
	GlobalSection(ExtensibilityGlobals) = postSolution
		SolutionGuid = {447B7194-A561-4F56-A841-123E01DD3BBE}
	EndGlobalSection
EndGlobal
